
Microsoft Visual Studio Solution File, Format Version 12.00
# Visual Studio Version 17
VisualStudioVersion = 17.14.36212.18 d17.14
MinimumVisualStudioVersion = 10.0.40219.1
Project("{FAE04EC0-301F-11D3-BF4B-00C04F79EFBC}") = "PhoneBook.Presentation", "PhoneBook.Presentation\PhoneBook.Presentation.csproj", "{ABDC9AA2-05AC-46A2-8CD7-B43FDD546D2D}"
EndProject
Project("{FAE04EC0-301F-11D3-BF4B-00C04F79EFBC}") = "PhoneBook.Domain", "PhoneBook.Domain\PhoneBook.Domain.csproj", "{2DC3F301-470E-4D87-A207-19DF65A86C8E}"
EndProject
Project("{FAE04EC0-301F-11D3-BF4B-00C04F79EFBC}") = "PhoneBook.DataAccess", "PhoneBook.DataAccess\PhoneBook.DataAccess.csproj", "{A3521510-BDFD-4C91-B75A-AC9F9C393AE8}"
EndProject
Project("{FAE04EC0-301F-11D3-BF4B-00C04F79EFBC}") = "PhoneBook.Core", "PhoneBook.Core\PhoneBook.Core.csproj", "{55D059AA-34A3-4CBE-AF4E-91E1C78E1C8A}"
EndProject
Global
	GlobalSection(SolutionConfigurationPlatforms) = preSolution
		Debug|Any CPU = Debug|Any CPU
		Release|Any CPU = Release|Any CPU
	EndGlobalSection
	GlobalSection(ProjectConfigurationPlatforms) = postSolution
		{ABDC9AA2-05AC-46A2-8CD7-B43FDD546D2D}.Debug|Any CPU.ActiveCfg = Debug|Any CPU
		{ABDC9AA2-05AC-46A2-8CD7-B43FDD546D2D}.Debug|Any CPU.Build.0 = Debug|Any CPU
		{ABDC9AA2-05AC-46A2-8CD7-B43FDD546D2D}.Release|Any CPU.ActiveCfg = Release|Any CPU
		{ABDC9AA2-05AC-46A2-8CD7-B43FDD546D2D}.Release|Any CPU.Build.0 = Release|Any CPU
		{2DC3F301-470E-4D87-A207-19DF65A86C8E}.Debug|Any CPU.ActiveCfg = Debug|Any CPU
		{2DC3F301-470E-4D87-A207-19DF65A86C8E}.Debug|Any CPU.Build.0 = Debug|Any CPU
		{2DC3F301-470E-4D87-A207-19DF65A86C8E}.Release|Any CPU.ActiveCfg = Release|Any CPU
		{2DC3F301-470E-4D87-A207-19DF65A86C8E}.Release|Any CPU.Build.0 = Release|Any CPU
		{A3521510-BDFD-4C91-B75A-AC9F9C393AE8}.Debug|Any CPU.ActiveCfg = Debug|Any CPU
		{A3521510-BDFD-4C91-B75A-AC9F9C393AE8}.Debug|Any CPU.Build.0 = Debug|Any CPU
		{A3521510-BDFD-4C91-B75A-AC9F9C393AE8}.Release|Any CPU.ActiveCfg = Release|Any CPU
		{A3521510-BDFD-4C91-B75A-AC9F9C393AE8}.Release|Any CPU.Build.0 = Release|Any CPU
		{55D059AA-34A3-4CBE-AF4E-91E1C78E1C8A}.Debug|Any CPU.ActiveCfg = Debug|Any CPU
		{55D059AA-34A3-4CBE-AF4E-91E1C78E1C8A}.Debug|Any CPU.Build.0 = Debug|Any CPU
		{55D059AA-34A3-4CBE-AF4E-91E1C78E1C8A}.Release|Any CPU.ActiveCfg = Release|Any CPU
		{55D059AA-34A3-4CBE-AF4E-91E1C78E1C8A}.Release|Any CPU.Build.0 = Release|Any CPU
	EndGlobalSection
	GlobalSection(SolutionProperties) = preSolution
		HideSolutionNode = FALSE
	EndGlobalSection
	GlobalSection(ExtensibilityGlobals) = postSolution
		SolutionGuid = {3CEA2462-2D75-4E66-BBB6-9BA744D88273}
	EndGlobalSection
EndGlobal
